
Microsoft Visual Studio Solution File, Format Version 12.00
# Visual Studio 2013
VisualStudioVersion = 12.0.21005.1
MinimumVisualStudioVersion = 10.0.40219.1
Project("{FAE04EC0-301F-11D3-BF4B-00C04F79EFBC}") = "ExamWH", "ExamWH\ExamWH.csproj", "{351ECC3B-7029-4152-945D-C9DF1A80DD6D}"
EndProject
Project("{FAE04EC0-301F-11D3-BF4B-00C04F79EFBC}") = "ExamWH.Tests", "ExamWH.Tests\ExamWH.Tests.csproj", "{3D3CD974-729F-498D-A573-C550BE64C7DE}"
EndProject
Global
	GlobalSection(SolutionConfigurationPlatforms) = preSolution
		Debug|Any CPU = Debug|Any CPU
		Release|Any CPU = Release|Any CPU
	EndGlobalSection
	GlobalSection(ProjectConfigurationPlatforms) = postSolution
		{351ECC3B-7029-4152-945D-C9DF1A80DD6D}.Debug|Any CPU.ActiveCfg = Debug|Any CPU
		{351ECC3B-7029-4152-945D-C9DF1A80DD6D}.Debug|Any CPU.Build.0 = Debug|Any CPU
		{351ECC3B-7029-4152-945D-C9DF1A80DD6D}.Release|Any CPU.ActiveCfg = Release|Any CPU
		{351ECC3B-7029-4152-945D-C9DF1A80DD6D}.Release|Any CPU.Build.0 = Release|Any CPU
		{3D3CD974-729F-498D-A573-C550BE64C7DE}.Debug|Any CPU.ActiveCfg = Debug|Any CPU
		{3D3CD974-729F-498D-A573-C550BE64C7DE}.Debug|Any CPU.Build.0 = Debug|Any CPU
		{3D3CD974-729F-498D-A573-C550BE64C7DE}.Release|Any CPU.ActiveCfg = Release|Any CPU
		{3D3CD974-729F-498D-A573-C550BE64C7DE}.Release|Any CPU.Build.0 = Release|Any CPU
	EndGlobalSection
	GlobalSection(SolutionProperties) = preSolution
		HideSolutionNode = FALSE
	EndGlobalSection
EndGlobal
